# THIS IS AN AUTOGENERATED FILE. DO NOT EDIT THIS FILE DIRECTLY.
# yarn lockfile v1


"@angular-redux/store@^6.3.0":
  version "6.3.0"
  resolved "https://registry.yarnpkg.com/@angular-redux/store/-/store-6.3.0.tgz#1c5cb08073fc04645dda6291e7410a981cd1fb37"

"@angular/common@^4.0.0":
  version "4.0.3"
  resolved "https://registry.yarnpkg.com/@angular/common/-/common-4.0.3.tgz#17472895eb425f2812b3a79162b5b494d2506a5b"

"@angular/compiler-cli@^4.0.0":
  version "4.0.3"
  resolved "https://registry.yarnpkg.com/@angular/compiler-cli/-/compiler-cli-4.0.3.tgz#691f280bc4d6611a88d6555f43e57032a0d34300"
  dependencies:
    "@angular/tsc-wrapped" "4.0.3"
    minimist "^1.2.0"
    reflect-metadata "^0.1.2"

"@angular/compiler@^4.0.0":
  version "4.0.3"
  resolved "https://registry.yarnpkg.com/@angular/compiler/-/compiler-4.0.3.tgz#8b3cad338ac539328e10a6a4bfaa057094f7bc89"

"@angular/core@^4.0.0":
  version "4.0.3"
  resolved "https://registry.yarnpkg.com/@angular/core/-/core-4.0.3.tgz#61be21db6aa5778e33159ffd38cbbebaf16120d9"

"@angular/platform-browser-dynamic@^4.0.0":
  version "4.0.3"
  resolved "https://registry.yarnpkg.com/@angular/platform-browser-dynamic/-/platform-browser-dynamic-4.0.3.tgz#5fa3b98f725999b631d7d7174e6e43dcbf6aa9ac"

"@angular/platform-browser@^4.0.0":
  version "4.0.3"
  resolved "https://registry.yarnpkg.com/@angular/platform-browser/-/platform-browser-4.0.3.tgz#170b18d5af4ee02b248aa6a1f1e0584ac841681e"

"@angular/router@^4.0.0":
  version "4.0.3"
  resolved "https://registry.yarnpkg.com/@angular/router/-/router-4.0.3.tgz#24184e9b1266c4ad017b2be81573464b1e4c5dfa"

"@angular/tsc-wrapped@4.0.3":
  version "4.0.3"
  resolved "https://registry.yarnpkg.com/@angular/tsc-wrapped/-/tsc-wrapped-4.0.3.tgz#a5fea6a87df9c348faa5577c3698c8a363082781"
  dependencies:
    tsickle "^0.21.0"

"@types/core-js@^0.9.39":
  version "0.9.41"
  resolved "https://registry.yarnpkg.com/@types/core-js/-/core-js-0.9.41.tgz#cfeceb63c2beaa29f882252c7c18e0e9471ff4e2"

"@types/jasmine@^2.5.37":
  version "2.5.47"
  resolved "https://registry.yarnpkg.com/@types/jasmine/-/jasmine-2.5.47.tgz#bbba9bcf0e95e7890c6f4a47394e8bacaa960eb6"

balanced-match@^0.4.1:
  version "0.4.2"
  resolved "https://registry.yarnpkg.com/balanced-match/-/balanced-match-0.4.2.tgz#cb3f3e3c732dc0f01ee70b403f302e61d7709838"

brace-expansion@^1.0.0:
  version "1.1.7"
  resolved "https://registry.yarnpkg.com/brace-expansion/-/brace-expansion-1.1.7.tgz#3effc3c50e000531fb720eaff80f0ae8ef23cf59"
  dependencies:
    balanced-match "^0.4.1"
    concat-map "0.0.1"

concat-map@0.0.1:
  version "0.0.1"
  resolved "https://registry.yarnpkg.com/concat-map/-/concat-map-0.0.1.tgz#d8a96bd77fd68df7793a73036a3ba0d5405d477b"

fs.realpath@^1.0.0:
  version "1.0.0"
  resolved "https://registry.yarnpkg.com/fs.realpath/-/fs.realpath-1.0.0.tgz#1504ad2523158caa40db4a2787cb01411994ea4f"

glob@^7.0.5:
  version "7.1.1"
  resolved "https://registry.yarnpkg.com/glob/-/glob-7.1.1.tgz#805211df04faaf1c63a3600306cdf5ade50b2ec8"
  dependencies:
    fs.realpath "^1.0.0"
    inflight "^1.0.4"
    inherits "2"
    minimatch "^3.0.2"
    once "^1.3.0"
    path-is-absolute "^1.0.0"

inflight@^1.0.4:
  version "1.0.6"
  resolved "https://registry.yarnpkg.com/inflight/-/inflight-1.0.6.tgz#49bd6331d7d02d0c09bc910a1075ba8165b56df9"
  dependencies:
    once "^1.3.0"
    wrappy "1"

inherits@2:
  version "2.0.3"
  resolved "https://registry.yarnpkg.com/inherits/-/inherits-2.0.3.tgz#633c2c83e3da42a502f52466022480f4208261de"

js-tokens@^3.0.0:
  version "3.0.1"
  resolved "https://registry.yarnpkg.com/js-tokens/-/js-tokens-3.0.1.tgz#08e9f132484a2c45a30907e9dc4d5567b7f114d7"

lodash-es@^4.2.1:
  version "4.17.4"
  resolved "https://registry.yarnpkg.com/lodash-es/-/lodash-es-4.17.4.tgz#dcc1d7552e150a0640073ba9cb31d70f032950e7"

lodash@^4.2.1:
  version "4.17.4"
  resolved "https://registry.yarnpkg.com/lodash/-/lodash-4.17.4.tgz#78203a4d1c328ae1d86dca6460e369b57f4055ae"

loose-envify@^1.1.0:
  version "1.3.1"
  resolved "https://registry.yarnpkg.com/loose-envify/-/loose-envify-1.3.1.tgz#d1a8ad33fa9ce0e713d65fdd0ac8b748d478c848"
  dependencies:
    js-tokens "^3.0.0"

minimatch@^3.0.2:
  version "3.0.3"
  resolved "https://registry.yarnpkg.com/minimatch/-/minimatch-3.0.3.tgz#2a4e4090b96b2db06a9d7df01055a62a77c9b774"
  dependencies:
    brace-expansion "^1.0.0"

minimist@0.0.8:
  version "0.0.8"
  resolved "https://registry.yarnpkg.com/minimist/-/minimist-0.0.8.tgz#857fcabfc3397d2625b8228262e86aa7a011b05d"

minimist@^1.2.0:
  version "1.2.0"
  resolved "https://registry.yarnpkg.com/minimist/-/minimist-1.2.0.tgz#a35008b20f41383eec1fb914f4cd5df79a264284"

mkdirp@^0.5.1:
  version "0.5.1"
  resolved "https://registry.yarnpkg.com/mkdirp/-/mkdirp-0.5.1.tgz#30057438eac6cf7f8c4767f38648d6697d75c903"
  dependencies:
    minimist "0.0.8"

once@^1.3.0:
  version "1.4.0"
  resolved "https://registry.yarnpkg.com/once/-/once-1.4.0.tgz#583b1aa775961d4b113ac17d9c50baef9dd76bd1"
  dependencies:
    wrappy "1"

path-is-absolute@^1.0.0:
  version "1.0.1"
  resolved "https://registry.yarnpkg.com/path-is-absolute/-/path-is-absolute-1.0.1.tgz#174b9268735534ffbc7ace6bf53a5a9e1b5c5f5f"

redux@^3.6.0:
  version "3.6.0"
  resolved "https://registry.yarnpkg.com/redux/-/redux-3.6.0.tgz#887c2b3d0b9bd86eca2be70571c27654c19e188d"
  dependencies:
    lodash "^4.2.1"
    lodash-es "^4.2.1"
    loose-envify "^1.1.0"
    symbol-observable "^1.0.2"

reflect-metadata@^0.1.2:
  version "0.1.10"
  resolved "https://registry.yarnpkg.com/reflect-metadata/-/reflect-metadata-0.1.10.tgz#b4f83704416acad89988c9b15635d47e03b9344a"

rimraf@^2.5.4:
  version "2.6.1"
  resolved "https://registry.yarnpkg.com/rimraf/-/rimraf-2.6.1.tgz#c2338ec643df7a1b7fe5c54fa86f57428a55f33d"
  dependencies:
    glob "^7.0.5"

rxjs@^5.0.1:
  version "5.3.0"
  resolved "https://registry.yarnpkg.com/rxjs/-/rxjs-5.3.0.tgz#d88ccbdd46af290cbdb97d5d8055e52453fabe2d"
  dependencies:
    symbol-observable "^1.0.1"

source-map-support@^0.4.2:
  version "0.4.14"
  resolved "https://registry.yarnpkg.com/source-map-support/-/source-map-support-0.4.14.tgz#9d4463772598b86271b4f523f6c1f4e02a7d6aef"
  dependencies:
    source-map "^0.5.6"

source-map@^0.5.6:
  version "0.5.6"
  resolved "https://registry.yarnpkg.com/source-map/-/source-map-0.5.6.tgz#75ce38f52bf0733c5a7f0c118d81334a2bb5f412"

symbol-observable@^1.0.1, symbol-observable@^1.0.2:
  version "1.0.4"
  resolved "https://registry.yarnpkg.com/symbol-observable/-/symbol-observable-1.0.4.tgz#29bf615d4aa7121bdd898b22d4b3f9bc4e2aa03d"

tsickle@^0.21.0:
  version "0.21.6"
  resolved "https://registry.yarnpkg.com/tsickle/-/tsickle-0.21.6.tgz#53b01b979c5c13fdb13afb3fb958177e5991588d"
  dependencies:
    minimist "^1.2.0"
    mkdirp "^0.5.1"
    source-map "^0.5.6"
    source-map-support "^0.4.2"

typescript@^2.1.0:
  version "2.3.0"
  resolved "https://registry.yarnpkg.com/typescript/-/typescript-2.3.0.tgz#2e63e09284392bc8158a2444c33e2093795c0418"

wrappy@1:
  version "1.0.2"
  resolved "https://registry.yarnpkg.com/wrappy/-/wrappy-1.0.2.tgz#b5243d8f3ec1aa35f1364605bc0d1036e30ab69f"

zone.js@^0.8.4:
  version "0.8.9"
  resolved "https://registry.yarnpkg.com/zone.js/-/zone.js-0.8.9.tgz#34aaa9a3ec6d0e4acebd1b761adafa590473638b"
